<?xml version="1.0" encoding="UTF-8"?>
<Scheme
   version = "1.3">
   <BuildAction>
      <BuildActionEntries>
         <BuildActionEntry
            buildForRunning = "YES">
            <BuildableReference
               BuildableIdentifier = "primary"
               BlueprintIdentifier = "7B3917AC2167F77500B8BD8E"
               BuildableName = "MemeMaker.app"
               BlueprintName = "MemeMaker"
               ReferencedContainer = "container:MemeMaker.xcodeproj">
            </BuildableReference>
         </BuildActionEntry>
      </BuildActionEntries>
   </BuildAction>
   <LaunchAction
      useCustomWorkingDirectory = "NO"
      buildConfiguration = "Debug"
      allowLocationSimulation = "YES">
      <BuildableProductRunnable>
         <BuildableReference
            BuildableIdentifier = "primary"
            BlueprintIdentifier = "7B3917AC2167F77500B8BD8E"
            BuildableName = "MemeMaker.app"
            BlueprintName = "MemeMaker"
            ReferencedContainer = "container:MemeMaker.xcodeproj">
         </BuildableReference>
      </BuildableProductRunnable>
   </LaunchAction>
</Scheme>
